{
  "name": "porfolio_2_project",
  "version": "1.0.0",
  "lockfileVersion": 1,
  "requires": true,
  "dependencies": {
    "lax.js": {
      "version": "1.2.1",
      "resolved": "https://registry.npmjs.org/lax.js/-/lax.js-1.2.1.tgz",
      "integrity": "sha512-Oh7HlfotcjSod8WZCJQQfvSqSKwbIZVnSfekGdIPfxqYtrD/MPxvsTnbV9/6gtPllQW9kJk1sWwXYIBdQTfTqA=="
    }
  }
}
